
Microsoft Visual Studio Solution File, Format Version 12.00
# Visual Studio 15
VisualStudioVersion = 15.0.26730.15
MinimumVisualStudioVersion = 10.0.40219.1
Project("{FAE04EC0-301F-11D3-BF4B-00C04F79EFBC}") = "CentricRecognition9", "CentricRecognition9\CentricRecognition9.csproj", "{265A604A-B42D-4873-B813-84D37468933B}"
EndProject
Global
	GlobalSection(SolutionConfigurationPlatforms) = preSolution
		Debug|Any CPU = Debug|Any CPU
		Release|Any CPU = Release|Any CPU
	EndGlobalSection
	GlobalSection(ProjectConfigurationPlatforms) = postSolution
		{265A604A-B42D-4873-B813-84D37468933B}.Debug|Any CPU.ActiveCfg = Debug|Any CPU
		{265A604A-B42D-4873-B813-84D37468933B}.Debug|Any CPU.Build.0 = Debug|Any CPU
		{265A604A-B42D-4873-B813-84D37468933B}.Release|Any CPU.ActiveCfg = Release|Any CPU
		{265A604A-B42D-4873-B813-84D37468933B}.Release|Any CPU.Build.0 = Release|Any CPU
	EndGlobalSection
	GlobalSection(SolutionProperties) = preSolution
		HideSolutionNode = FALSE
	EndGlobalSection
	GlobalSection(ExtensibilityGlobals) = postSolution
		SolutionGuid = {4FA77964-45DB-4DB9-885B-2F3D275264C2}
	EndGlobalSection
EndGlobal
